
Microsoft Visual Studio Solution File, Format Version 12.00
# Visual Studio Version 16
VisualStudioVersion = 25.0.1704.0
MinimumVisualStudioVersion = 10.0.40219.1
Project("{FAE04EC0-301F-11D3-BF4B-00C04F79EFBC}") = "array", "array\array.csproj", "{1DBADA9E-B132-4782-B4EC-2B894E10AD68}"
EndProject
Global
	GlobalSection(SolutionConfigurationPlatforms) = preSolution
		Debug|Any CPU = Debug|Any CPU
		Release|Any CPU = Release|Any CPU
	EndGlobalSection
	GlobalSection(ProjectConfigurationPlatforms) = postSolution
		{1DBADA9E-B132-4782-B4EC-2B894E10AD68}.Debug|Any CPU.ActiveCfg = Debug|Any CPU
		{1DBADA9E-B132-4782-B4EC-2B894E10AD68}.Debug|Any CPU.Build.0 = Debug|Any CPU
		{1DBADA9E-B132-4782-B4EC-2B894E10AD68}.Release|Any CPU.ActiveCfg = Release|Any CPU
		{1DBADA9E-B132-4782-B4EC-2B894E10AD68}.Release|Any CPU.Build.0 = Release|Any CPU
	EndGlobalSection
	GlobalSection(SolutionProperties) = preSolution
		HideSolutionNode = FALSE
	EndGlobalSection
	GlobalSection(ExtensibilityGlobals) = postSolution
		SolutionGuid = {894BA2BD-46A5-417A-AEE7-6C937FF24323}
	EndGlobalSection
EndGlobal
